
Microsoft Visual Studio Solution File, Format Version 12.00
# Visual Studio Version 16
VisualStudioVersion = 16.0.30717.126
MinimumVisualStudioVersion = 10.0.40219.1
Project("{FAE04EC0-301F-11D3-BF4B-00C04F79EFBC}") = "JwtAuthenticationServer", "JwtAuthenticationServer\JwtAuthenticationServer.csproj", "{E2FF0B39-78C4-4919-BC6A-156A9BE53DDB}"
EndProject
Global
	GlobalSection(SolutionConfigurationPlatforms) = preSolution
		Debug|Any CPU = Debug|Any CPU
		Release|Any CPU = Release|Any CPU
	EndGlobalSection
	GlobalSection(ProjectConfigurationPlatforms) = postSolution
		{E2FF0B39-78C4-4919-BC6A-156A9BE53DDB}.Debug|Any CPU.ActiveCfg = Debug|Any CPU
		{E2FF0B39-78C4-4919-BC6A-156A9BE53DDB}.Debug|Any CPU.Build.0 = Debug|Any CPU
		{E2FF0B39-78C4-4919-BC6A-156A9BE53DDB}.Release|Any CPU.ActiveCfg = Release|Any CPU
		{E2FF0B39-78C4-4919-BC6A-156A9BE53DDB}.Release|Any CPU.Build.0 = Release|Any CPU
	EndGlobalSection
	GlobalSection(SolutionProperties) = preSolution
		HideSolutionNode = FALSE
	EndGlobalSection
	GlobalSection(ExtensibilityGlobals) = postSolution
		SolutionGuid = {BE707C10-178E-4A3B-9750-E3287122F8FE}
	EndGlobalSection
EndGlobal
